# This file is automatically @generated by Cargo.
# It is not intended for manual editing.
version = 4

[[package]]
name = "artifact-store"
version = "0.1.0"

[[package]]
name = "blob-store"
version = "0.1.0"

[[package]]
name = "cli"
version = "0.1.0"

[[package]]
name = "compiler"
version = "0.1.0"

[[package]]
name = "core-types"
version = "0.1.0"

[[package]]
name = "extension-api"
version = "0.1.0"

[[package]]
name = "extension-host"
version = "0.1.0"

[[package]]
name = "latex-parser"
version = "0.1.0"

[[package]]
name = "persistence"
version = "0.1.0"

[[package]]
name = "queue"
version = "0.1.0"

[[package]]
name = "sandbox"
version = "0.1.0"

[[package]]
name = "server"
version = "0.1.0"

[[package]]
name = "tex-index"
version = "0.1.0"

[[package]]
name = "workspace-model"
version = "0.1.0"
